// !$*UTF8*$!
{
	archiveVersion = 1;
	classes = {
	};
	objectVersion = 50;
	objects = {

/* Begin PBXBuildFile section */
		70636D4121C45AD70018283B /* main.swift in Sources */ = {isa = PBXBuildFile; fileRef = 70636D4021C45AD70018283B /* main.swift */; };
		70636D4321C45AD70018283B /* tools.swift in Sources */ = {isa = PBXBuildFile; fileRef = 70636D4221C45AD70018283B /* tools.swift */; };
		70636D4521C45AD70018283B /* circleList.swift in Sources */ = {isa = PBXBuildFile; fileRef = 70636D4421C45AD70018283B /* circleList.swift */; };
		70636D4721C45AD70018283B /* linkedList.swift in Sources */ = {isa = PBXBuildFile; fileRef = 70636D4621C45AD70018283B /* linkedList.swift */; };
/* End PBXBuildFile section */

/* Begin PBXCopyFilesBuildPhase section */
		70636D3B21C45AD70018283B /* CopyFiles */ = {
			isa = PBXCopyFilesBuildPhase;
			buildActionMask = 2147483647;
			dstPath = /usr/share/man/man1/;
			dstSubfolderSpec = 0;
			files = (
			);
			runOnlyForDeploymentPostprocessing = 1;
		};
/* End PBXCopyFilesBuildPhase section */

/* Begin PBXFileReference section */
		70636D3D21C45AD70018283B /* AOC2018_14 */ = {isa = PBXFileReference; explicitFileType = "compiled.mach-o.executable"; includeInIndex = 0; path = AOC2018_14; sourceTree = BUILT_PRODUCTS_DIR; };
		70636D4021C45AD70018283B /* main.swift */ = {isa = PBXFileReference; lastKnownFileType = sourcecode.swift; path = main.swift; sourceTree = "<group>"; };
		70636D4221C45AD70018283B /* tools.swift */ = {isa = PBXFileReference; lastKnownFileType = sourcecode.swift; path = tools.swift; sourceTree = "<group>"; };
		70636D4421C45AD70018283B /* circleList.swift */ = {isa = PBXFileReference; lastKnownFileType = sourcecode.swift; path = circleList.swift; sourceTree = "<group>"; };
		70636D4621C45AD70018283B /* linkedList.swift */ = {isa = PBXFileReference; lastKnownFileType = sourcecode.swift; path = linkedList.swift; sourceTree = "<group>"; };
/* End PBXFileReference section */

/* Begin PBXFrameworksBuildPhase section */
		70636D3A21C45AD70018283B /* Frameworks */ = {
			isa = PBXFrameworksBuildPhase;
			buildActionMask = 2147483647;
			files = (
			);
			runOnlyForDeploymentPostprocessing = 0;
		};
/* End PBXFrameworksBuildPhase section */

/* Begin PBXGroup section */
		70636D3421C45AD70018283B = {
			isa = PBXGroup;
			children = (
				70636D3F21C45AD70018283B /* AOC2018_14 */,
				70636D3E21C45AD70018283B /* Products */,
			);
			sourceTree = "<group>";
		};
		70636D3E21C45AD70018283B /* Products */ = {
			isa = PBXGroup;
			children = (
				70636D3D21C45AD70018283B /* AOC2018_14 */,
			);
			name = Products;
			sourceTree = "<group>";
		};
		70636D3F21C45AD70018283B /* AOC2018_14 */ = {
			isa = PBXGroup;
			children = (
				70636D4021C45AD70018283B /* main.swift */,
				70636D4221C45AD70018283B /* tools.swift */,
				70636D4421C45AD70018283B /* circleList.swift */,
				70636D4621C45AD70018283B /* linkedList.swift */,
			);
			path = AOC2018_14;
			sourceTree = "<group>";
		};
/* End PBXGroup section */

/* Begin PBXNativeTarget section */
		70636D3C21C45AD70018283B /* AOC2018_14 */ = {
			isa = PBXNativeTarget;
			buildConfigurationList = 70636D4A21C45AD70018283B /* Build configuration list for PBXNativeTarget "AOC2018_14" */;
			buildPhases = (
				70636D3921C45AD70018283B /* Sources */,
				70636D3A21C45AD70018283B /* Frameworks */,
				70636D3B21C45AD70018283B /* CopyFiles */,
			);
			buildRules = (
			);
			dependencies = (
			);
			name = AOC2018_14;
			productName = AOC2018_14;
			productReference = 70636D3D21C45AD70018283B /* AOC2018_14 */;
			productType = "com.apple.product-type.tool";
		};
/* End PBXNativeTarget section */

/* Begin PBXProject section */
		70636D3521C45AD70018283B /* Project object */ = {
			isa = PBXProject;
			attributes = {
				LastSwiftUpdateCheck = 1010;
				LastUpgradeCheck = 1010;
				ORGANIZATIONNAME = "Lubomír Kaštovský";
				TargetAttributes = {
					70636D3C21C45AD70018283B = {
						CreatedOnToolsVersion = 10.1;
					};
				};
			};
			buildConfigurationList = 70636D3821C45AD70018283B /* Build configuration list for PBXProject "AOC2018_14" */;
			compatibilityVersion = "Xcode 9.3";
			developmentRegion = en;
			hasScannedForEncodings = 0;
			knownRegions = (
				en,
			);
			mainGroup = 70636D3421C45AD70018283B;
			productRefGroup = 70636D3E21C45AD70018283B /* Products */;
			projectDirPath = "";
			projectRoot = "";
			targets = (
				70636D3C21C45AD70018283B /* AOC2018_14 */,
			);
		};
/* End PBXProject section */

/* Begin PBXSourcesBuildPhase section */
		70636D3921C45AD70018283B /* Sources */ = {
			isa = PBXSourcesBuildPhase;
			buildActionMask = 2147483647;
			files = (
				70636D4521C45AD70018283B /* circleList.swift in Sources */,
				70636D4121C45AD70018283B /* main.swift in Sources */,
				70636D4721C45AD70018283B /* linkedList.swift in Sources */,
				70636D4321C45AD70018283B /* tools.swift in Sources */,
			);
			runOnlyForDeploymentPostprocessing = 0;
		};
/* End PBXSourcesBuildPhase section */

/* Begin XCBuildConfiguration section */
		70636D4821C45AD70018283B /* Debug */ = {
			isa = XCBuildConfiguration;
			buildSettings = {
				ALWAYS_SEARCH_USER_PATHS = NO;
				CLANG_ANALYZER_NONNULL = YES;
				CLANG_ANALYZER_NUMBER_OBJECT_CONVERSION = YES_AGGRESSIVE;
				CLANG_CXX_LANGUAGE_STANDARD = "gnu++14";
				CLANG_CXX_LIBRARY = "libc++";
				CLANG_ENABLE_MODULES = YES;
				CLANG_ENABLE_OBJC_ARC = YES;
				CLANG_ENABLE_OBJC_WEAK = YES;
				CLANG_WARN_BLOCK_CAPTURE_AUTORELEASING = YES;
				CLANG_WARN_BOOL_CONVERSION = YES;
				CLANG_WARN_COMMA = YES;
				CLANG_WARN_CONSTANT_CONVERSION = YES;
				CLANG_WARN_DEPRECATED_OBJC_IMPLEMENTATIONS = YES;
				CLANG_WARN_DIRECT_OBJC_ISA_USAGE = YES_ERROR;
				CLANG_WARN_DOCUMENTATION_COMMENTS = YES;
				CLANG_WARN_EMPTY_BODY = YES;
				CLANG_WARN_ENUM_CONVERSION = YES;
				CLANG_WARN_INFINITE_RECURSION = YES;
				CLANG_WARN_INT_CONVERSION = YES;
				CLANG_WARN_NON_LITERAL_NULL_CONVERSION = YES;
				CLANG_WARN_OBJC_IMPLICIT_RETAIN_SELF = YES;
				CLANG_WARN_OBJC_LITERAL_CONVERSION = YES;
				CLANG_WARN_OBJC_ROOT_CLASS = YES_ERROR;
				CLANG_WARN_RANGE_LOOP_ANALYSIS = YES;
				CLANG_WARN_STRICT_PROTOTYPES = YES;
				CLANG_WARN_SUSPICIOUS_MOVE = YES;
				CLANG_WARN_UNGUARDED_AVAILABILITY = YES_AGGRESSIVE;
				CLANG_WARN_UNREACHABLE_CODE = YES;
				CLANG_WARN__DUPLICATE_METHOD_MATCH = YES;
				CODE_SIGN_IDENTITY = "-";
				COPY_PHASE_STRIP = NO;
				DEBUG_INFORMATION_FORMAT = dwarf;
				ENABLE_STRICT_OBJC_MSGSEND = YES;
				ENABLE_TESTABILITY = YES;
				GCC_C_LANGUAGE_STANDARD = gnu11;
				GCC_DYNAMIC_NO_PIC = NO;
				GCC_NO_COMMON_BLOCKS = YES;
				GCC_OPTIMIZATION_LEVEL = 0;
				GCC_PREPROCESSOR_DEFINITIONS = (
					"DEBUG=1",
					"$(inherited)",
				);
				GCC_WARN_64_TO_32_BIT_CONVERSION = YES;
				GCC_WARN_ABOUT_RETURN_TYPE = YES_ERROR;
				GCC_WARN_UNDECLARED_SELECTOR = YES;
				GCC_WARN_UNINITIALIZED_AUTOS = YES_AGGRESSIVE;
				GCC_WARN_UNUSED_FUNCTION = YES;
				GCC_WARN_UNUSED_VARIABLE = YES;
				MACOSX_DEPLOYMENT_TARGET = 10.14;
				MTL_ENABLE_DEBUG_INFO = INCLUDE_SOURCE;
				MTL_FAST_MATH = YES;
				ONLY_ACTIVE_ARCH = YES;
				SDKROOT = macosx;
				SWIFT_ACTIVE_COMPILATION_CONDITIONS = DEBUG;
				SWIFT_OPTIMIZATION_LEVEL = "-Onone";
			};
			name = Debug;
		};
		70636D4921C45AD70018283B /* Release */ = {
			isa = XCBuildConfiguration;
			buildSettings = {
				ALWAYS_SEARCH_USER_PATHS = NO;
				CLANG_ANALYZER_NONNULL = YES;
				CLANG_ANALYZER_NUMBER_OBJECT_CONVERSION = YES_AGGRESSIVE;
				CLANG_CXX_LANGUAGE_STANDARD = "gnu++14";
				CLANG_CXX_LIBRARY = "libc++";
				CLANG_ENABLE_MODULES = YES;
				CLANG_ENABLE_OBJC_ARC = YES;
				CLANG_ENABLE_OBJC_WEAK = YES;
				CLANG_WARN_BLOCK_CAPTURE_AUTORELEASING = YES;
				CLANG_WARN_BOOL_CONVERSION = YES;
				CLANG_WARN_COMMA = YES;
				CLANG_WARN_CONSTANT_CONVERSION = YES;
				CLANG_WARN_DEPRECATED_OBJC_IMPLEMENTATIONS = YES;
				CLANG_WARN_DIRECT_OBJC_ISA_USAGE = YES_ERROR;
				CLANG_WARN_DOCUMENTATION_COMMENTS = YES;
				CLANG_WARN_EMPTY_BODY = YES;
				CLANG_WARN_ENUM_CONVERSION = YES;
				CLANG_WARN_INFINITE_RECURSION = YES;
				CLANG_WARN_INT_CONVERSION = YES;
				CLANG_WARN_NON_LITERAL_NULL_CONVERSION = YES;
				CLANG_WARN_OBJC_IMPLICIT_RETAIN_SELF = YES;
				CLANG_WARN_OBJC_LITERAL_CONVERSION = YES;
				CLANG_WARN_OBJC_ROOT_CLASS = YES_ERROR;
				CLANG_WARN_RANGE_LOOP_ANALYSIS = YES;
				CLANG_WARN_STRICT_PROTOTYPES = YES;
				CLANG_WARN_SUSPICIOUS_MOVE = YES;
				CLANG_WARN_UNGUARDED_AVAILABILITY = YES_AGGRESSIVE;
				CLANG_WARN_UNREACHABLE_CODE = YES;
				CLANG_WARN__DUPLICATE_METHOD_MATCH = YES;
				CODE_SIGN_IDENTITY = "-";
				COPY_PHASE_STRIP = NO;
				DEBUG_INFORMATION_FORMAT = "dwarf-with-dsym";
				ENABLE_NS_ASSERTIONS = NO;
				ENABLE_STRICT_OBJC_MSGSEND = YES;
				GCC_C_LANGUAGE_STANDARD = gnu11;
				GCC_NO_COMMON_BLOCKS = YES;
				GCC_WARN_64_TO_32_BIT_CONVERSION = YES;
				GCC_WARN_ABOUT_RETURN_TYPE = YES_ERROR;
				GCC_WARN_UNDECLARED_SELECTOR = YES;
				GCC_WARN_UNINITIALIZED_AUTOS = YES_AGGRESSIVE;
				GCC_WARN_UNUSED_FUNCTION = YES;
				GCC_WARN_UNUSED_VARIABLE = YES;
				MACOSX_DEPLOYMENT_TARGET = 10.14;
				MTL_ENABLE_DEBUG_INFO = NO;
				MTL_FAST_MATH = YES;
				SDKROOT = macosx;
				SWIFT_COMPILATION_MODE = wholemodule;
				SWIFT_OPTIMIZATION_LEVEL = "-O";
			};
			name = Release;
		};
		70636D4B21C45AD70018283B /* Debug */ = {
			isa = XCBuildConfiguration;
			buildSettings = {
				BUILT_PRODUCTS_DIR = "$(PROJECT_DIR)/build";
				CODE_SIGN_STYLE = Automatic;
				CONFIGURATION_BUILD_DIR = "$(PROJECT_DIR)/build";
				CONFIGURATION_TEMP_DIR = "$(PROJECT_DIR)/build";
				PRODUCT_NAME = "$(TARGET_NAME)";
				SWIFT_VERSION = 4.2;
			};
			name = Debug;
		};
		70636D4C21C45AD70018283B /* Release */ = {
			isa = XCBuildConfiguration;
			buildSettings = {
				BUILT_PRODUCTS_DIR = "$(PROJECT_DIR)/build";
				CODE_SIGN_STYLE = Automatic;
				CONFIGURATION_BUILD_DIR = "$(PROJECT_DIR)/build";
				CONFIGURATION_TEMP_DIR = "$(PROJECT_DIR)/build";
				PRODUCT_NAME = "$(TARGET_NAME)";
				SWIFT_VERSION = 4.2;
			};
			name = Release;
		};
/* End XCBuildConfiguration section */

/* Begin XCConfigurationList section */
		70636D3821C45AD70018283B /* Build configuration list for PBXProject "AOC2018_14" */ = {
			isa = XCConfigurationList;
			buildConfigurations = (
				70636D4821C45AD70018283B /* Debug */,
				70636D4921C45AD70018283B /* Release */,
			);
			defaultConfigurationIsVisible = 0;
			defaultConfigurationName = Release;
		};
		70636D4A21C45AD70018283B /* Build configuration list for PBXNativeTarget "AOC2018_14" */ = {
			isa = XCConfigurationList;
			buildConfigurations = (
				70636D4B21C45AD70018283B /* Debug */,
				70636D4C21C45AD70018283B /* Release */,
			);
			defaultConfigurationIsVisible = 0;
			defaultConfigurationName = Release;
		};
/* End XCConfigurationList section */
	};
	rootObject = 70636D3521C45AD70018283B /* Project object */;
}
